
Microsoft Visual Studio Solution File, Format Version 12.00
# Visual Studio Version 17
VisualStudioVersion = 17.2.32616.157
MinimumVisualStudioVersion = 10.0.40219.1
Project("{FAE04EC0-301F-11D3-BF4B-00C04F79EFBC}") = "task3", "task3.csproj", "{92AFBAC3-7AE2-44FF-BF53-7DCCDD851A20}"
EndProject
Global
	GlobalSection(SolutionConfigurationPlatforms) = preSolution
		Debug|Any CPU = Debug|Any CPU
		Release|Any CPU = Release|Any CPU
	EndGlobalSection
	GlobalSection(ProjectConfigurationPlatforms) = postSolution
		{92AFBAC3-7AE2-44FF-BF53-7DCCDD851A20}.Debug|Any CPU.ActiveCfg = Debug|Any CPU
		{92AFBAC3-7AE2-44FF-BF53-7DCCDD851A20}.Debug|Any CPU.Build.0 = Debug|Any CPU
		{92AFBAC3-7AE2-44FF-BF53-7DCCDD851A20}.Release|Any CPU.ActiveCfg = Release|Any CPU
		{92AFBAC3-7AE2-44FF-BF53-7DCCDD851A20}.Release|Any CPU.Build.0 = Release|Any CPU
	EndGlobalSection
	GlobalSection(SolutionProperties) = preSolution
		HideSolutionNode = FALSE
	EndGlobalSection
	GlobalSection(ExtensibilityGlobals) = postSolution
		SolutionGuid = {EF583CEE-4AB3-41D3-971F-8218D394241C}
	EndGlobalSection
EndGlobal
